
Microsoft Visual Studio Solution File, Format Version 12.00
# Visual Studio Version 17
VisualStudioVersion = 17.0.31825.309
MinimumVisualStudioVersion = 10.0.40219.1
Project("{2150E333-8FDC-42A3-9474-1A3956D46DE8}") = "Application", "Application", "{470AB3F7-5525-4DBE-9505-C7702548232A}"
EndProject
Project("{2150E333-8FDC-42A3-9474-1A3956D46DE8}") = "Domain", "Domain", "{00A0BA98-2C69-4376-A016-F398675F60DC}"
EndProject
Project("{2150E333-8FDC-42A3-9474-1A3956D46DE8}") = "Infraestructure", "Infraestructure", "{8723994A-4CED-409A-BA66-48869C165790}"
EndProject
Project("{2150E333-8FDC-42A3-9474-1A3956D46DE8}") = "Services", "Services", "{0DAE150F-B416-4156-ABB1-32C3E1F72187}"
EndProject
Project("{2150E333-8FDC-42A3-9474-1A3956D46DE8}") = "Utilities", "Utilities", "{3FFDC751-6528-4B14-A24A-D252A97D3015}"
EndProject
Project("{9A19103F-16F7-4668-BE54-9A1E7A4F7556}") = "CLINICAL.Domain", "src\CLINICAL.Domain\CLINICAL.Domain.csproj", "{197EEF14-B172-4A6F-8AB2-E7085422AFCF}"
EndProject
Project("{9A19103F-16F7-4668-BE54-9A1E7A4F7556}") = "CLINICAL.Infraestructure", "src\CLINICAL.Infraestructure\CLINICAL.Infraestructure.csproj", "{24C90998-A3F0-4568-A166-EFB3EDD0BBEE}"
EndProject
Project("{9A19103F-16F7-4668-BE54-9A1E7A4F7556}") = "CLINICAL.Persistence", "src\CLINICAL.Persistence\CLINICAL.Persistence.csproj", "{7D6DD812-5DF2-4D86-B4C4-B14CD96ED732}"
EndProject
Project("{9A19103F-16F7-4668-BE54-9A1E7A4F7556}") = "CLINICAL.Application.DTOs", "src\CLINICAL.Application.DTOs\CLINICAL.Application.DTOs.csproj", "{11EB7631-2D08-44AD-BE0B-BBDDA5494504}"
EndProject
Project("{9A19103F-16F7-4668-BE54-9A1E7A4F7556}") = "CLINICAL.Application.Interface", "src\CLINICAL.Application.Interface\CLINICAL.Application.Interface.csproj", "{3748E76F-1C0B-49BD-B42B-D4A9D55602D7}"
EndProject
Project("{9A19103F-16F7-4668-BE54-9A1E7A4F7556}") = "CLINICAL.Application.UseCase", "src\CLINICAL.Application.UseCase\CLINICAL.Application.UseCase.csproj", "{9C594796-E521-47C0-A4B0-440357A22FD6}"
EndProject
Project("{9A19103F-16F7-4668-BE54-9A1E7A4F7556}") = "CLINICAL.Utilities", "src\CLINICAL.Utilities\CLINICAL.Utilities.csproj", "{B0AE413B-CB7F-414A-8B28-CC79851A4DBF}"
EndProject
Project("{FAE04EC0-301F-11D3-BF4B-00C04F79EFBC}") = "Api", "src\Api\Api.csproj", "{8E150A72-3027-4333-BCE5-6A962CAC5784}"
EndProject
Global
	GlobalSection(SolutionConfigurationPlatforms) = preSolution
		Debug|Any CPU = Debug|Any CPU
		Release|Any CPU = Release|Any CPU
	EndGlobalSection
	GlobalSection(ProjectConfigurationPlatforms) = postSolution
		{197EEF14-B172-4A6F-8AB2-E7085422AFCF}.Debug|Any CPU.ActiveCfg = Debug|Any CPU
		{197EEF14-B172-4A6F-8AB2-E7085422AFCF}.Debug|Any CPU.Build.0 = Debug|Any CPU
		{197EEF14-B172-4A6F-8AB2-E7085422AFCF}.Release|Any CPU.ActiveCfg = Release|Any CPU
		{197EEF14-B172-4A6F-8AB2-E7085422AFCF}.Release|Any CPU.Build.0 = Release|Any CPU
		{24C90998-A3F0-4568-A166-EFB3EDD0BBEE}.Debug|Any CPU.ActiveCfg = Debug|Any CPU
		{24C90998-A3F0-4568-A166-EFB3EDD0BBEE}.Debug|Any CPU.Build.0 = Debug|Any CPU
		{24C90998-A3F0-4568-A166-EFB3EDD0BBEE}.Release|Any CPU.ActiveCfg = Release|Any CPU
		{24C90998-A3F0-4568-A166-EFB3EDD0BBEE}.Release|Any CPU.Build.0 = Release|Any CPU
		{7D6DD812-5DF2-4D86-B4C4-B14CD96ED732}.Debug|Any CPU.ActiveCfg = Debug|Any CPU
		{7D6DD812-5DF2-4D86-B4C4-B14CD96ED732}.Debug|Any CPU.Build.0 = Debug|Any CPU
		{7D6DD812-5DF2-4D86-B4C4-B14CD96ED732}.Release|Any CPU.ActiveCfg = Release|Any CPU
		{7D6DD812-5DF2-4D86-B4C4-B14CD96ED732}.Release|Any CPU.Build.0 = Release|Any CPU
		{11EB7631-2D08-44AD-BE0B-BBDDA5494504}.Debug|Any CPU.ActiveCfg = Debug|Any CPU
		{11EB7631-2D08-44AD-BE0B-BBDDA5494504}.Debug|Any CPU.Build.0 = Debug|Any CPU
		{11EB7631-2D08-44AD-BE0B-BBDDA5494504}.Release|Any CPU.ActiveCfg = Release|Any CPU
		{11EB7631-2D08-44AD-BE0B-BBDDA5494504}.Release|Any CPU.Build.0 = Release|Any CPU
		{3748E76F-1C0B-49BD-B42B-D4A9D55602D7}.Debug|Any CPU.ActiveCfg = Debug|Any CPU
		{3748E76F-1C0B-49BD-B42B-D4A9D55602D7}.Debug|Any CPU.Build.0 = Debug|Any CPU
		{3748E76F-1C0B-49BD-B42B-D4A9D55602D7}.Release|Any CPU.ActiveCfg = Release|Any CPU
		{3748E76F-1C0B-49BD-B42B-D4A9D55602D7}.Release|Any CPU.Build.0 = Release|Any CPU
		{9C594796-E521-47C0-A4B0-440357A22FD6}.Debug|Any CPU.ActiveCfg = Debug|Any CPU
		{9C594796-E521-47C0-A4B0-440357A22FD6}.Debug|Any CPU.Build.0 = Debug|Any CPU
		{9C594796-E521-47C0-A4B0-440357A22FD6}.Release|Any CPU.ActiveCfg = Release|Any CPU
		{9C594796-E521-47C0-A4B0-440357A22FD6}.Release|Any CPU.Build.0 = Release|Any CPU
		{B0AE413B-CB7F-414A-8B28-CC79851A4DBF}.Debug|Any CPU.ActiveCfg = Debug|Any CPU
		{B0AE413B-CB7F-414A-8B28-CC79851A4DBF}.Debug|Any CPU.Build.0 = Debug|Any CPU
		{B0AE413B-CB7F-414A-8B28-CC79851A4DBF}.Release|Any CPU.ActiveCfg = Release|Any CPU
		{B0AE413B-CB7F-414A-8B28-CC79851A4DBF}.Release|Any CPU.Build.0 = Release|Any CPU
		{8E150A72-3027-4333-BCE5-6A962CAC5784}.Debug|Any CPU.ActiveCfg = Debug|Any CPU
		{8E150A72-3027-4333-BCE5-6A962CAC5784}.Debug|Any CPU.Build.0 = Debug|Any CPU
		{8E150A72-3027-4333-BCE5-6A962CAC5784}.Release|Any CPU.ActiveCfg = Release|Any CPU
		{8E150A72-3027-4333-BCE5-6A962CAC5784}.Release|Any CPU.Build.0 = Release|Any CPU
	EndGlobalSection
	GlobalSection(SolutionProperties) = preSolution
		HideSolutionNode = FALSE
	EndGlobalSection
	GlobalSection(NestedProjects) = preSolution
		{197EEF14-B172-4A6F-8AB2-E7085422AFCF} = {00A0BA98-2C69-4376-A016-F398675F60DC}
		{24C90998-A3F0-4568-A166-EFB3EDD0BBEE} = {8723994A-4CED-409A-BA66-48869C165790}
		{7D6DD812-5DF2-4D86-B4C4-B14CD96ED732} = {8723994A-4CED-409A-BA66-48869C165790}
		{11EB7631-2D08-44AD-BE0B-BBDDA5494504} = {470AB3F7-5525-4DBE-9505-C7702548232A}
		{3748E76F-1C0B-49BD-B42B-D4A9D55602D7} = {470AB3F7-5525-4DBE-9505-C7702548232A}
		{9C594796-E521-47C0-A4B0-440357A22FD6} = {470AB3F7-5525-4DBE-9505-C7702548232A}
		{B0AE413B-CB7F-414A-8B28-CC79851A4DBF} = {3FFDC751-6528-4B14-A24A-D252A97D3015}
		{8E150A72-3027-4333-BCE5-6A962CAC5784} = {0DAE150F-B416-4156-ABB1-32C3E1F72187}
	EndGlobalSection
	GlobalSection(ExtensibilityGlobals) = postSolution
		SolutionGuid = {17680E6E-5248-4808-8615-965A00530547}
	EndGlobalSection
EndGlobal
